// !$*UTF8*$!
{
	archiveVersion = 1;
	classes = {
	};
	objectVersion = 46;
	objects = {

/* Begin PBXBuildFile section */
		1CB7A1A123C6DD7CAE12C363 /* Pods_all.framework in Frameworks */ = {isa = PBXBuildFile; fileRef = FB811A6ADCB60542724DC151 /* Pods_all.framework */; };
		E308D5721C7C561E0087A82F /* WebViewController.m in Sources */ = {isa = PBXBuildFile; fileRef = E308D5711C7C561E0087A82F /* WebViewController.m */; };
		E334F2191C72C4D400C79F31 /* main.m in Sources */ = {isa = PBXBuildFile; fileRef = E334F2181C72C4D400C79F31 /* main.m */; };
		E334F21C1C72C4D400C79F31 /* AppDelegate.m in Sources */ = {isa = PBXBuildFile; fileRef = E334F21B1C72C4D400C79F31 /* AppDelegate.m */; };
		E334F2251C72C4D400C79F31 /* all.xcdatamodeld in Sources */ = {isa = PBXBuildFile; fileRef = E334F2231C72C4D400C79F31 /* all.xcdatamodeld */; };
		E334F2271C72C4D400C79F31 /* Assets.xcassets in Resources */ = {isa = PBXBuildFile; fileRef = E334F2261C72C4D400C79F31 /* Assets.xcassets */; };
		E334F22A1C72C4D400C79F31 /* LaunchScreen.storyboard in Resources */ = {isa = PBXBuildFile; fileRef = E334F2281C72C4D400C79F31 /* LaunchScreen.storyboard */; };
		E334F2351C72C4D400C79F31 /* allTests.m in Sources */ = {isa = PBXBuildFile; fileRef = E334F2341C72C4D400C79F31 /* allTests.m */; };
		E334F2401C72C4D500C79F31 /* allUITests.m in Sources */ = {isa = PBXBuildFile; fileRef = E334F23F1C72C4D500C79F31 /* allUITests.m */; };
		E340C45F1C7B035200B58F98 /* ClassViewController_UIButton.m in Sources */ = {isa = PBXBuildFile; fileRef = E340C45E1C7B035200B58F98 /* ClassViewController_UIButton.m */; };
		E36881051C7C63EB007C41FB /* SteamViewController_GetPlayerSummaries.m in Sources */ = {isa = PBXBuildFile; fileRef = E36881041C7C63EB007C41FB /* SteamViewController_GetPlayerSummaries.m */; };
		E36898D11C75C82E00562999 /* ClassNavigationController.m in Sources */ = {isa = PBXBuildFile; fileRef = E36898CE1C75C82E00562999 /* ClassNavigationController.m */; };
		E36898D21C75C82E00562999 /* ClassViewController.m in Sources */ = {isa = PBXBuildFile; fileRef = E36898D01C75C82E00562999 /* ClassViewController.m */; };
		E36898D81C75C90800562999 /* ClassViewController_UILabel.m in Sources */ = {isa = PBXBuildFile; fileRef = E36898D71C75C90800562999 /* ClassViewController_UILabel.m */; };
		E36898DB1C75D5A100562999 /* ClassViewController_Basic.m in Sources */ = {isa = PBXBuildFile; fileRef = E36898DA1C75D5A100562999 /* ClassViewController_Basic.m */; };
		E38146E41C7AAD8E0032153C /* ClassTableViewCell_Basic.m in Sources */ = {isa = PBXBuildFile; fileRef = E38146E21C7AAD8E0032153C /* ClassTableViewCell_Basic.m */; };
		E39E9CE01C7C0A8A0032C666 /* SteamViewController.m in Sources */ = {isa = PBXBuildFile; fileRef = E39E9CDF1C7C0A8A0032C666 /* SteamViewController.m */; };
		E39E9CE31C7C0AED0032C666 /* SteamNavigationController.m in Sources */ = {isa = PBXBuildFile; fileRef = E39E9CE21C7C0AED0032C666 /* SteamNavigationController.m */; };
		E39E9CE61C7C0D1F0032C666 /* SteamViewController_GetNewsForApp.m in Sources */ = {isa = PBXBuildFile; fileRef = E39E9CE51C7C0D1F0032C666 /* SteamViewController_GetNewsForApp.m */; };
		E39E9CED1C7C38E10032C666 /* SteamTableViewCell_GetNewsForApp.m in Sources */ = {isa = PBXBuildFile; fileRef = E39E9CEB1C7C38E10032C666 /* SteamTableViewCell_GetNewsForApp.m */; };
		E3A8C5DF1C7571FB000B6FE9 /* BasicViewController.m in Sources */ = {isa = PBXBuildFile; fileRef = E3A8C5DE1C7571FB000B6FE9 /* BasicViewController.m */; };
/* End PBXBuildFile section */

/* Begin PBXContainerItemProxy section */
		E334F2311C72C4D400C79F31 /* PBXContainerItemProxy */ = {
			isa = PBXContainerItemProxy;
			containerPortal = E334F20C1C72C4D400C79F31 /* Project object */;
			proxyType = 1;
			remoteGlobalIDString = E334F2131C72C4D400C79F31;
			remoteInfo = all;
		};
		E334F23C1C72C4D400C79F31 /* PBXContainerItemProxy */ = {
			isa = PBXContainerItemProxy;
			containerPortal = E334F20C1C72C4D400C79F31 /* Project object */;
			proxyType = 1;
			remoteGlobalIDString = E334F2131C72C4D400C79F31;
			remoteInfo = all;
		};
/* End PBXContainerItemProxy section */

/* Begin PBXFileReference section */
		02F50D7FC0C73AA06087EEBC /* Pods-all.debug.xcconfig */ = {isa = PBXFileReference; includeInIndex = 1; lastKnownFileType = text.xcconfig; name = "Pods-all.debug.xcconfig"; path = "Pods/Target Support Files/Pods-all/Pods-all.debug.xcconfig"; sourceTree = "<group>"; };
		D00A1046ECBA429013AC050A /* Pods-all.release.xcconfig */ = {isa = PBXFileReference; includeInIndex = 1; lastKnownFileType = text.xcconfig; name = "Pods-all.release.xcconfig"; path = "Pods/Target Support Files/Pods-all/Pods-all.release.xcconfig"; sourceTree = "<group>"; };
		E308D5701C7C561E0087A82F /* WebViewController.h */ = {isa = PBXFileReference; fileEncoding = 4; lastKnownFileType = sourcecode.c.h; path = WebViewController.h; sourceTree = "<group>"; };
		E308D5711C7C561E0087A82F /* WebViewController.m */ = {isa = PBXFileReference; fileEncoding = 4; lastKnownFileType = sourcecode.c.objc; path = WebViewController.m; sourceTree = "<group>"; };
		E334F2141C72C4D400C79F31 /* all.app */ = {isa = PBXFileReference; explicitFileType = wrapper.application; includeInIndex = 0; path = all.app; sourceTree = BUILT_PRODUCTS_DIR; };
		E334F2181C72C4D400C79F31 /* main.m */ = {isa = PBXFileReference; lastKnownFileType = sourcecode.c.objc; path = main.m; sourceTree = "<group>"; };
		E334F21A1C72C4D400C79F31 /* AppDelegate.h */ = {isa = PBXFileReference; lastKnownFileType = sourcecode.c.h; path = AppDelegate.h; sourceTree = "<group>"; };
		E334F21B1C72C4D400C79F31 /* AppDelegate.m */ = {isa = PBXFileReference; lastKnownFileType = sourcecode.c.objc; path = AppDelegate.m; sourceTree = "<group>"; };
		E334F2241C72C4D400C79F31 /* all.xcdatamodel */ = {isa = PBXFileReference; lastKnownFileType = wrapper.xcdatamodel; path = all.xcdatamodel; sourceTree = "<group>"; };
		E334F2261C72C4D400C79F31 /* Assets.xcassets */ = {isa = PBXFileReference; lastKnownFileType = folder.assetcatalog; path = Assets.xcassets; sourceTree = "<group>"; };
		E334F2291C72C4D400C79F31 /* Base */ = {isa = PBXFileReference; lastKnownFileType = file.storyboard; name = Base; path = Base.lproj/LaunchScreen.storyboard; sourceTree = "<group>"; };
		E334F22B1C72C4D400C79F31 /* Info.plist */ = {isa = PBXFileReference; lastKnownFileType = text.plist.xml; path = Info.plist; sourceTree = "<group>"; };
		E334F2301C72C4D400C79F31 /* allTests.xctest */ = {isa = PBXFileReference; explicitFileType = wrapper.cfbundle; includeInIndex = 0; path = allTests.xctest; sourceTree = BUILT_PRODUCTS_DIR; };
		E334F2341C72C4D400C79F31 /* allTests.m */ = {isa = PBXFileReference; lastKnownFileType = sourcecode.c.objc; path = allTests.m; sourceTree = "<group>"; };
		E334F2361C72C4D400C79F31 /* Info.plist */ = {isa = PBXFileReference; lastKnownFileType = text.plist.xml; path = Info.plist; sourceTree = "<group>"; };
		E334F23B1C72C4D400C79F31 /* allUITests.xctest */ = {isa = PBXFileReference; explicitFileType = wrapper.cfbundle; includeInIndex = 0; path = allUITests.xctest; sourceTree = BUILT_PRODUCTS_DIR; };
		E334F23F1C72C4D500C79F31 /* allUITests.m */ = {isa = PBXFileReference; lastKnownFileType = sourcecode.c.objc; path = allUITests.m; sourceTree = "<group>"; };
		E334F2411C72C4D500C79F31 /* Info.plist */ = {isa = PBXFileReference; lastKnownFileType = text.plist.xml; path = Info.plist; sourceTree = "<group>"; };
		E340C45D1C7B035200B58F98 /* ClassViewController_UIButton.h */ = {isa = PBXFileReference; fileEncoding = 4; lastKnownFileType = sourcecode.c.h; path = ClassViewController_UIButton.h; sourceTree = "<group>"; };
		E340C45E1C7B035200B58F98 /* ClassViewController_UIButton.m */ = {isa = PBXFileReference; fileEncoding = 4; lastKnownFileType = sourcecode.c.objc; path = ClassViewController_UIButton.m; sourceTree = "<group>"; };
		E35D79CE1C731222008E731F /* SVHeader.h */ = {isa = PBXFileReference; lastKnownFileType = sourcecode.c.h; path = SVHeader.h; sourceTree = "<group>"; };
		E36881031C7C63EB007C41FB /* SteamViewController_GetPlayerSummaries.h */ = {isa = PBXFileReference; fileEncoding = 4; lastKnownFileType = sourcecode.c.h; path = SteamViewController_GetPlayerSummaries.h; sourceTree = "<group>"; };
		E36881041C7C63EB007C41FB /* SteamViewController_GetPlayerSummaries.m */ = {isa = PBXFileReference; fileEncoding = 4; lastKnownFileType = sourcecode.c.objc; path = SteamViewController_GetPlayerSummaries.m; sourceTree = "<group>"; };
		E36898CD1C75C82E00562999 /* ClassNavigationController.h */ = {isa = PBXFileReference; fileEncoding = 4; lastKnownFileType = sourcecode.c.h; path = ClassNavigationController.h; sourceTree = "<group>"; };
		E36898CE1C75C82E00562999 /* ClassNavigationController.m */ = {isa = PBXFileReference; fileEncoding = 4; lastKnownFileType = sourcecode.c.objc; path = ClassNavigationController.m; sourceTree = "<group>"; };
		E36898CF1C75C82E00562999 /* ClassViewController.h */ = {isa = PBXFileReference; fileEncoding = 4; lastKnownFileType = sourcecode.c.h; path = ClassViewController.h; sourceTree = "<group>"; };
		E36898D01C75C82E00562999 /* ClassViewController.m */ = {isa = PBXFileReference; fileEncoding = 4; lastKnownFileType = sourcecode.c.objc; path = ClassViewController.m; sourceTree = "<group>"; };
		E36898D61C75C90800562999 /* ClassViewController_UILabel.h */ = {isa = PBXFileReference; fileEncoding = 4; lastKnownFileType = sourcecode.c.h; path = ClassViewController_UILabel.h; sourceTree = "<group>"; };
		E36898D71C75C90800562999 /* ClassViewController_UILabel.m */ = {isa = PBXFileReference; fileEncoding = 4; lastKnownFileType = sourcecode.c.objc; path = ClassViewController_UILabel.m; sourceTree = "<group>"; };
		E36898D91C75D5A100562999 /* ClassViewController_Basic.h */ = {isa = PBXFileReference; fileEncoding = 4; lastKnownFileType = sourcecode.c.h; path = ClassViewController_Basic.h; sourceTree = "<group>"; };
		E36898DA1C75D5A100562999 /* ClassViewController_Basic.m */ = {isa = PBXFileReference; fileEncoding = 4; lastKnownFileType = sourcecode.c.objc; path = ClassViewController_Basic.m; sourceTree = "<group>"; };
		E38146E11C7AAD8E0032153C /* ClassTableViewCell_Basic.h */ = {isa = PBXFileReference; fileEncoding = 4; lastKnownFileType = sourcecode.c.h; path = ClassTableViewCell_Basic.h; sourceTree = "<group>"; };
		E38146E21C7AAD8E0032153C /* ClassTableViewCell_Basic.m */ = {isa = PBXFileReference; fileEncoding = 4; lastKnownFileType = sourcecode.c.objc; path = ClassTableViewCell_Basic.m; sourceTree = "<group>"; };
		E39E9CDE1C7C0A8A0032C666 /* SteamViewController.h */ = {isa = PBXFileReference; fileEncoding = 4; lastKnownFileType = sourcecode.c.h; path = SteamViewController.h; sourceTree = "<group>"; };
		E39E9CDF1C7C0A8A0032C666 /* SteamViewController.m */ = {isa = PBXFileReference; fileEncoding = 4; lastKnownFileType = sourcecode.c.objc; path = SteamViewController.m; sourceTree = "<group>"; };
		E39E9CE11C7C0AED0032C666 /* SteamNavigationController.h */ = {isa = PBXFileReference; fileEncoding = 4; lastKnownFileType = sourcecode.c.h; path = SteamNavigationController.h; sourceTree = "<group>"; };
		E39E9CE21C7C0AED0032C666 /* SteamNavigationController.m */ = {isa = PBXFileReference; fileEncoding = 4; lastKnownFileType = sourcecode.c.objc; path = SteamNavigationController.m; sourceTree = "<group>"; };
		E39E9CE41C7C0D1F0032C666 /* SteamViewController_GetNewsForApp.h */ = {isa = PBXFileReference; fileEncoding = 4; lastKnownFileType = sourcecode.c.h; path = SteamViewController_GetNewsForApp.h; sourceTree = "<group>"; };
		E39E9CE51C7C0D1F0032C666 /* SteamViewController_GetNewsForApp.m */ = {isa = PBXFileReference; fileEncoding = 4; lastKnownFileType = sourcecode.c.objc; path = SteamViewController_GetNewsForApp.m; sourceTree = "<group>"; };
		E39E9CEA1C7C38E10032C666 /* SteamTableViewCell_GetNewsForApp.h */ = {isa = PBXFileReference; fileEncoding = 4; lastKnownFileType = sourcecode.c.h; path = SteamTableViewCell_GetNewsForApp.h; sourceTree = "<group>"; };
		E39E9CEB1C7C38E10032C666 /* SteamTableViewCell_GetNewsForApp.m */ = {isa = PBXFileReference; fileEncoding = 4; lastKnownFileType = sourcecode.c.objc; path = SteamTableViewCell_GetNewsForApp.m; sourceTree = "<group>"; };
		E3A8C5DD1C7571FB000B6FE9 /* BasicViewController.h */ = {isa = PBXFileReference; fileEncoding = 4; lastKnownFileType = sourcecode.c.h; path = BasicViewController.h; sourceTree = "<group>"; };
		E3A8C5DE1C7571FB000B6FE9 /* BasicViewController.m */ = {isa = PBXFileReference; fileEncoding = 4; lastKnownFileType = sourcecode.c.objc; path = BasicViewController.m; sourceTree = "<group>"; };
		E3A8C5E31C7573D8000B6FE9 /* AllPrefixHeader.pch */ = {isa = PBXFileReference; lastKnownFileType = sourcecode.c.h; path = AllPrefixHeader.pch; sourceTree = "<group>"; };
		FB811A6ADCB60542724DC151 /* Pods_all.framework */ = {isa = PBXFileReference; explicitFileType = wrapper.framework; includeInIndex = 0; path = Pods_all.framework; sourceTree = BUILT_PRODUCTS_DIR; };
/* End PBXFileReference section */

/* Begin PBXFrameworksBuildPhase section */
		E334F2111C72C4D400C79F31 /* Frameworks */ = {
			isa = PBXFrameworksBuildPhase;
			buildActionMask = 2147483647;
			files = (
				1CB7A1A123C6DD7CAE12C363 /* Pods_all.framework in Frameworks */,
			);
			runOnlyForDeploymentPostprocessing = 0;
		};
		E334F22D1C72C4D400C79F31 /* Frameworks */ = {
			isa = PBXFrameworksBuildPhase;
			buildActionMask = 2147483647;
			files = (
			);
			runOnlyForDeploymentPostprocessing = 0;
		};
		E334F2381C72C4D400C79F31 /* Frameworks */ = {
			isa = PBXFrameworksBuildPhase;
			buildActionMask = 2147483647;
			files = (
			);
			runOnlyForDeploymentPostprocessing = 0;
		};
/* End PBXFrameworksBuildPhase section */

/* Begin PBXGroup section */
		0C2F8D46461B3D704EB4A5C8 /* Frameworks */ = {
			isa = PBXGroup;
			children = (
				FB811A6ADCB60542724DC151 /* Pods_all.framework */,
			);
			name = Frameworks;
			sourceTree = "<group>";
		};
		7DF2B5BEA045BA182B9DD7D7 /* Pods */ = {
			isa = PBXGroup;
			children = (
				02F50D7FC0C73AA06087EEBC /* Pods-all.debug.xcconfig */,
				D00A1046ECBA429013AC050A /* Pods-all.release.xcconfig */,
			);
			name = Pods;
			sourceTree = "<group>";
		};
		E334F20B1C72C4D300C79F31 = {
			isa = PBXGroup;
			children = (
				E334F2161C72C4D400C79F31 /* all */,
				E334F2331C72C4D400C79F31 /* allTests */,
				E334F23E1C72C4D500C79F31 /* allUITests */,
				E334F2151C72C4D400C79F31 /* Products */,
				7DF2B5BEA045BA182B9DD7D7 /* Pods */,
				0C2F8D46461B3D704EB4A5C8 /* Frameworks */,
			);
			sourceTree = "<group>";
		};
		E334F2151C72C4D400C79F31 /* Products */ = {
			isa = PBXGroup;
			children = (
				E334F2141C72C4D400C79F31 /* all.app */,
				E334F2301C72C4D400C79F31 /* allTests.xctest */,
				E334F23B1C72C4D400C79F31 /* allUITests.xctest */,
			);
			name = Products;
			sourceTree = "<group>";
		};
		E334F2161C72C4D400C79F31 /* all */ = {
			isa = PBXGroup;
			children = (
				E35D79CD1C731206008E731F /* SVFile */,
				E3A8C5D31C7567D2000B6FE9 /* Controller */,
				E334F21A1C72C4D400C79F31 /* AppDelegate.h */,
				E334F21B1C72C4D400C79F31 /* AppDelegate.m */,
				E334F2261C72C4D400C79F31 /* Assets.xcassets */,
				E334F2281C72C4D400C79F31 /* LaunchScreen.storyboard */,
				E334F22B1C72C4D400C79F31 /* Info.plist */,
				E334F2231C72C4D400C79F31 /* all.xcdatamodeld */,
				E334F2171C72C4D400C79F31 /* Supporting Files */,
			);
			path = all;
			sourceTree = "<group>";
		};
		E334F2171C72C4D400C79F31 /* Supporting Files */ = {
			isa = PBXGroup;
			children = (
				E334F2181C72C4D400C79F31 /* main.m */,
			);
			name = "Supporting Files";
			sourceTree = "<group>";
		};
		E334F2331C72C4D400C79F31 /* allTests */ = {
			isa = PBXGroup;
			children = (
				E334F2341C72C4D400C79F31 /* allTests.m */,
				E334F2361C72C4D400C79F31 /* Info.plist */,
			);
			path = allTests;
			sourceTree = "<group>";
		};
		E334F23E1C72C4D500C79F31 /* allUITests */ = {
			isa = PBXGroup;
			children = (
				E334F23F1C72C4D500C79F31 /* allUITests.m */,
				E334F2411C72C4D500C79F31 /* Info.plist */,
			);
			path = allUITests;
			sourceTree = "<group>";
		};
		E35D79CD1C731206008E731F /* SVFile */ = {
			isa = PBXGroup;
			children = (
				E3A8C5E31C7573D8000B6FE9 /* AllPrefixHeader.pch */,
				E35D79CE1C731222008E731F /* SVHeader.h */,
			);
			path = SVFile;
			sourceTree = "<group>";
		};
		E36898CC1C75C82E00562999 /* Class */ = {
			isa = PBXGroup;
			children = (
				E36898CD1C75C82E00562999 /* ClassNavigationController.h */,
				E36898CE1C75C82E00562999 /* ClassNavigationController.m */,
				E36898CF1C75C82E00562999 /* ClassViewController.h */,
				E36898D01C75C82E00562999 /* ClassViewController.m */,
				E36898D91C75D5A100562999 /* ClassViewController_Basic.h */,
				E36898DA1C75D5A100562999 /* ClassViewController_Basic.m */,
				E36898D61C75C90800562999 /* ClassViewController_UILabel.h */,
				E36898D71C75C90800562999 /* ClassViewController_UILabel.m */,
				E38146E11C7AAD8E0032153C /* ClassTableViewCell_Basic.h */,
				E38146E21C7AAD8E0032153C /* ClassTableViewCell_Basic.m */,
				E340C45D1C7B035200B58F98 /* ClassViewController_UIButton.h */,
				E340C45E1C7B035200B58F98 /* ClassViewController_UIButton.m */,
			);
			path = Class;
			sourceTree = "<group>";
		};
		E39E9CDD1C7C0A680032C666 /* Steam */ = {
			isa = PBXGroup;
			children = (
				E39E9CE11C7C0AED0032C666 /* SteamNavigationController.h */,
				E39E9CE21C7C0AED0032C666 /* SteamNavigationController.m */,
				E39E9CDE1C7C0A8A0032C666 /* SteamViewController.h */,
				E39E9CDF1C7C0A8A0032C666 /* SteamViewController.m */,
				E39E9CE41C7C0D1F0032C666 /* SteamViewController_GetNewsForApp.h */,
				E39E9CE51C7C0D1F0032C666 /* SteamViewController_GetNewsForApp.m */,
				E39E9CEA1C7C38E10032C666 /* SteamTableViewCell_GetNewsForApp.h */,
				E39E9CEB1C7C38E10032C666 /* SteamTableViewCell_GetNewsForApp.m */,
				E36881031C7C63EB007C41FB /* SteamViewController_GetPlayerSummaries.h */,
				E36881041C7C63EB007C41FB /* SteamViewController_GetPlayerSummaries.m */,
			);
			path = Steam;
			sourceTree = "<group>";
		};
		E3A8C5D31C7567D2000B6FE9 /* Controller */ = {
			isa = PBXGroup;
			children = (
				E3A8C5DD1C7571FB000B6FE9 /* BasicViewController.h */,
				E3A8C5DE1C7571FB000B6FE9 /* BasicViewController.m */,
				E308D5701C7C561E0087A82F /* WebViewController.h */,
				E308D5711C7C561E0087A82F /* WebViewController.m */,
				E39E9CDD1C7C0A680032C666 /* Steam */,
				E36898CC1C75C82E00562999 /* Class */,
			);
			path = Controller;
			sourceTree = "<group>";
		};
/* End PBXGroup section */

/* Begin PBXNativeTarget section */
		E334F2131C72C4D400C79F31 /* all */ = {
			isa = PBXNativeTarget;
			buildConfigurationList = E334F2441C72C4D500C79F31 /* Build configuration list for PBXNativeTarget "all" */;
			buildPhases = (
				7D5C64B5C95B6F8ADFAD5DA8 /* Check Pods Manifest.lock */,
				E334F2101C72C4D400C79F31 /* Sources */,
				E334F2111C72C4D400C79F31 /* Frameworks */,
				E334F2121C72C4D400C79F31 /* Resources */,
				442D42726A25F54D709D97F6 /* Embed Pods Frameworks */,
				E7795AA8485364D07B8B95EB /* Copy Pods Resources */,
			);
			buildRules = (
			);
			dependencies = (
			);
			name = all;
			productName = all;
			productReference = E334F2141C72C4D400C79F31 /* all.app */;
			productType = "com.apple.product-type.application";
		};
		E334F22F1C72C4D400C79F31 /* allTests */ = {
			isa = PBXNativeTarget;
			buildConfigurationList = E334F2471C72C4D500C79F31 /* Build configuration list for PBXNativeTarget "allTests" */;
			buildPhases = (
				E334F22C1C72C4D400C79F31 /* Sources */,
				E334F22D1C72C4D400C79F31 /* Frameworks */,
				E334F22E1C72C4D400C79F31 /* Resources */,
			);
			buildRules = (
			);
			dependencies = (
				E334F2321C72C4D400C79F31 /* PBXTargetDependency */,
			);
			name = allTests;
			productName = allTests;
			productReference = E334F2301C72C4D400C79F31 /* allTests.xctest */;
			productType = "com.apple.product-type.bundle.unit-test";
		};
		E334F23A1C72C4D400C79F31 /* allUITests */ = {
			isa = PBXNativeTarget;
			buildConfigurationList = E334F24A1C72C4D500C79F31 /* Build configuration list for PBXNativeTarget "allUITests" */;
			buildPhases = (
				E334F2371C72C4D400C79F31 /* Sources */,
				E334F2381C72C4D400C79F31 /* Frameworks */,
				E334F2391C72C4D400C79F31 /* Resources */,
			);
			buildRules = (
			);
			dependencies = (
				E334F23D1C72C4D400C79F31 /* PBXTargetDependency */,
			);
			name = allUITests;
			productName = allUITests;
			productReference = E334F23B1C72C4D400C79F31 /* allUITests.xctest */;
			productType = "com.apple.product-type.bundle.ui-testing";
		};
/* End PBXNativeTarget section */

/* Begin PBXProject section */
		E334F20C1C72C4D400C79F31 /* Project object */ = {
			isa = PBXProject;
			attributes = {
				LastUpgradeCheck = 0710;
				ORGANIZATIONNAME = "吴智极";
				TargetAttributes = {
					E334F2131C72C4D400C79F31 = {
						CreatedOnToolsVersion = 7.1;
					};
					E334F22F1C72C4D400C79F31 = {
						CreatedOnToolsVersion = 7.1;
						DevelopmentTeam = L3VJG7GT9Z;
						TestTargetID = E334F2131C72C4D400C79F31;
					};
					E334F23A1C72C4D400C79F31 = {
						CreatedOnToolsVersion = 7.1;
						DevelopmentTeam = L3VJG7GT9Z;
						TestTargetID = E334F2131C72C4D400C79F31;
					};
				};
			};
			buildConfigurationList = E334F20F1C72C4D400C79F31 /* Build configuration list for PBXProject "all" */;
			compatibilityVersion = "Xcode 3.2";
			developmentRegion = English;
			hasScannedForEncodings = 0;
			knownRegions = (
				en,
				Base,
			);
			mainGroup = E334F20B1C72C4D300C79F31;
			productRefGroup = E334F2151C72C4D400C79F31 /* Products */;
			projectDirPath = "";
			projectRoot = "";
			targets = (
				E334F2131C72C4D400C79F31 /* all */,
				E334F22F1C72C4D400C79F31 /* allTests */,
				E334F23A1C72C4D400C79F31 /* allUITests */,
			);
		};
/* End PBXProject section */

/* Begin PBXResourcesBuildPhase section */
		E334F2121C72C4D400C79F31 /* Resources */ = {
			isa = PBXResourcesBuildPhase;
			buildActionMask = 2147483647;
			files = (
				E334F22A1C72C4D400C79F31 /* LaunchScreen.storyboard in Resources */,
				E334F2271C72C4D400C79F31 /* Assets.xcassets in Resources */,
			);
			runOnlyForDeploymentPostprocessing = 0;
		};
		E334F22E1C72C4D400C79F31 /* Resources */ = {
			isa = PBXResourcesBuildPhase;
			buildActionMask = 2147483647;
			files = (
			);
			runOnlyForDeploymentPostprocessing = 0;
		};
		E334F2391C72C4D400C79F31 /* Resources */ = {
			isa = PBXResourcesBuildPhase;
			buildActionMask = 2147483647;
			files = (
			);
			runOnlyForDeploymentPostprocessing = 0;
		};
/* End PBXResourcesBuildPhase section */

/* Begin PBXShellScriptBuildPhase section */
		442D42726A25F54D709D97F6 /* Embed Pods Frameworks */ = {
			isa = PBXShellScriptBuildPhase;
			buildActionMask = 2147483647;
			files = (
			);
			inputPaths = (
			);
			name = "Embed Pods Frameworks";
			outputPaths = (
			);
			runOnlyForDeploymentPostprocessing = 0;
			shellPath = /bin/sh;
			shellScript = "\"${SRCROOT}/Pods/Target Support Files/Pods-all/Pods-all-frameworks.sh\"\n";
			showEnvVarsInLog = 0;
		};
		7D5C64B5C95B6F8ADFAD5DA8 /* Check Pods Manifest.lock */ = {
			isa = PBXShellScriptBuildPhase;
			buildActionMask = 2147483647;
			files = (
			);
			inputPaths = (
			);
			name = "Check Pods Manifest.lock";
			outputPaths = (
			);
			runOnlyForDeploymentPostprocessing = 0;
			shellPath = /bin/sh;
			shellScript = "diff \"${PODS_ROOT}/../Podfile.lock\" \"${PODS_ROOT}/Manifest.lock\" > /dev/null\nif [[ $? != 0 ]] ; then\n    cat << EOM\nerror: The sandbox is not in sync with the Podfile.lock. Run 'pod install' or update your CocoaPods installation.\nEOM\n    exit 1\nfi\n";
			showEnvVarsInLog = 0;
		};
		E7795AA8485364D07B8B95EB /* Copy Pods Resources */ = {
			isa = PBXShellScriptBuildPhase;
			buildActionMask = 2147483647;
			files = (
			);
			inputPaths = (
			);
			name = "Copy Pods Resources";
			outputPaths = (
			);
			runOnlyForDeploymentPostprocessing = 0;
			shellPath = /bin/sh;
			shellScript = "\"${SRCROOT}/Pods/Target Support Files/Pods-all/Pods-all-resources.sh\"\n";
			showEnvVarsInLog = 0;
		};
/* End PBXShellScriptBuildPhase section */

/* Begin PBXSourcesBuildPhase section */
		E334F2101C72C4D400C79F31 /* Sources */ = {
			isa = PBXSourcesBuildPhase;
			buildActionMask = 2147483647;
			files = (
				E39E9CED1C7C38E10032C666 /* SteamTableViewCell_GetNewsForApp.m in Sources */,
				E308D5721C7C561E0087A82F /* WebViewController.m in Sources */,
				E36898D11C75C82E00562999 /* ClassNavigationController.m in Sources */,
				E334F2251C72C4D400C79F31 /* all.xcdatamodeld in Sources */,
				E334F21C1C72C4D400C79F31 /* AppDelegate.m in Sources */,
				E340C45F1C7B035200B58F98 /* ClassViewController_UIButton.m in Sources */,
				E39E9CE31C7C0AED0032C666 /* SteamNavigationController.m in Sources */,
				E3A8C5DF1C7571FB000B6FE9 /* BasicViewController.m in Sources */,
				E36898DB1C75D5A100562999 /* ClassViewController_Basic.m in Sources */,
				E334F2191C72C4D400C79F31 /* main.m in Sources */,
				E38146E41C7AAD8E0032153C /* ClassTableViewCell_Basic.m in Sources */,
				E39E9CE61C7C0D1F0032C666 /* SteamViewController_GetNewsForApp.m in Sources */,
				E36898D81C75C90800562999 /* ClassViewController_UILabel.m in Sources */,
				E36898D21C75C82E00562999 /* ClassViewController.m in Sources */,
				E36881051C7C63EB007C41FB /* SteamViewController_GetPlayerSummaries.m in Sources */,
				E39E9CE01C7C0A8A0032C666 /* SteamViewController.m in Sources */,
			);
			runOnlyForDeploymentPostprocessing = 0;
		};
		E334F22C1C72C4D400C79F31 /* Sources */ = {
			isa = PBXSourcesBuildPhase;
			buildActionMask = 2147483647;
			files = (
				E334F2351C72C4D400C79F31 /* allTests.m in Sources */,
			);
			runOnlyForDeploymentPostprocessing = 0;
		};
		E334F2371C72C4D400C79F31 /* Sources */ = {
			isa = PBXSourcesBuildPhase;
			buildActionMask = 2147483647;
			files = (
				E334F2401C72C4D500C79F31 /* allUITests.m in Sources */,
			);
			runOnlyForDeploymentPostprocessing = 0;
		};
/* End PBXSourcesBuildPhase section */

/* Begin PBXTargetDependency section */
		E334F2321C72C4D400C79F31 /* PBXTargetDependency */ = {
			isa = PBXTargetDependency;
			target = E334F2131C72C4D400C79F31 /* all */;
			targetProxy = E334F2311C72C4D400C79F31 /* PBXContainerItemProxy */;
		};
		E334F23D1C72C4D400C79F31 /* PBXTargetDependency */ = {
			isa = PBXTargetDependency;
			target = E334F2131C72C4D400C79F31 /* all */;
			targetProxy = E334F23C1C72C4D400C79F31 /* PBXContainerItemProxy */;
		};
/* End PBXTargetDependency section */

/* Begin PBXVariantGroup section */
		E334F2281C72C4D400C79F31 /* LaunchScreen.storyboard */ = {
			isa = PBXVariantGroup;
			children = (
				E334F2291C72C4D400C79F31 /* Base */,
			);
			name = LaunchScreen.storyboard;
			sourceTree = "<group>";
		};
/* End PBXVariantGroup section */

/* Begin XCBuildConfiguration section */
		E334F2421C72C4D500C79F31 /* Debug */ = {
			isa = XCBuildConfiguration;
			buildSettings = {
				ALWAYS_SEARCH_USER_PATHS = NO;
				CLANG_CXX_LANGUAGE_STANDARD = "gnu++0x";
				CLANG_CXX_LIBRARY = "libc++";
				CLANG_ENABLE_MODULES = YES;
				CLANG_ENABLE_OBJC_ARC = YES;
				CLANG_WARN_BOOL_CONVERSION = YES;
				CLANG_WARN_CONSTANT_CONVERSION = YES;
				CLANG_WARN_DIRECT_OBJC_ISA_USAGE = YES_ERROR;
				CLANG_WARN_EMPTY_BODY = YES;
				CLANG_WARN_ENUM_CONVERSION = YES;
				CLANG_WARN_INT_CONVERSION = YES;
				CLANG_WARN_OBJC_ROOT_CLASS = YES_ERROR;
				CLANG_WARN_UNREACHABLE_CODE = YES;
				CLANG_WARN__DUPLICATE_METHOD_MATCH = YES;
				"CODE_SIGN_IDENTITY[sdk=iphoneos*]" = "iPhone Developer";
				COPY_PHASE_STRIP = NO;
				DEBUG_INFORMATION_FORMAT = dwarf;
				ENABLE_STRICT_OBJC_MSGSEND = YES;
				ENABLE_TESTABILITY = YES;
				GCC_C_LANGUAGE_STANDARD = gnu99;
				GCC_DYNAMIC_NO_PIC = NO;
				GCC_NO_COMMON_BLOCKS = YES;
				GCC_OPTIMIZATION_LEVEL = 0;
				GCC_PREPROCESSOR_DEFINITIONS = (
					"DEBUG=1",
					"$(inherited)",
				);
				GCC_TREAT_INCOMPATIBLE_POINTER_TYPE_WARNINGS_AS_ERRORS = YES;
				GCC_WARN_64_TO_32_BIT_CONVERSION = YES;
				GCC_WARN_ABOUT_RETURN_TYPE = YES_ERROR;
				GCC_WARN_UNDECLARED_SELECTOR = YES;
				GCC_WARN_UNINITIALIZED_AUTOS = YES_AGGRESSIVE;
				GCC_WARN_UNUSED_FUNCTION = YES;
				GCC_WARN_UNUSED_VARIABLE = YES;
				IPHONEOS_DEPLOYMENT_TARGET = 9.1;
				MTL_ENABLE_DEBUG_INFO = YES;
				ONLY_ACTIVE_ARCH = YES;
				SDKROOT = iphoneos;
				TARGETED_DEVICE_FAMILY = "1,2";
			};
			name = Debug;
		};
		E334F2431C72C4D500C79F31 /* Release */ = {
			isa = XCBuildConfiguration;
			buildSettings = {
				ALWAYS_SEARCH_USER_PATHS = NO;
				CLANG_CXX_LANGUAGE_STANDARD = "gnu++0x";
				CLANG_CXX_LIBRARY = "libc++";
				CLANG_ENABLE_MODULES = YES;
				CLANG_ENABLE_OBJC_ARC = YES;
				CLANG_WARN_BOOL_CONVERSION = YES;
				CLANG_WARN_CONSTANT_CONVERSION = YES;
				CLANG_WARN_DIRECT_OBJC_ISA_USAGE = YES_ERROR;
				CLANG_WARN_EMPTY_BODY = YES;
				CLANG_WARN_ENUM_CONVERSION = YES;
				CLANG_WARN_INT_CONVERSION = YES;
				CLANG_WARN_OBJC_ROOT_CLASS = YES_ERROR;
				CLANG_WARN_UNREACHABLE_CODE = YES;
				CLANG_WARN__DUPLICATE_METHOD_MATCH = YES;
				"CODE_SIGN_IDENTITY[sdk=iphoneos*]" = "iPhone Developer";
				COPY_PHASE_STRIP = NO;
				DEBUG_INFORMATION_FORMAT = "dwarf-with-dsym";
				ENABLE_NS_ASSERTIONS = NO;
				ENABLE_STRICT_OBJC_MSGSEND = YES;
				GCC_C_LANGUAGE_STANDARD = gnu99;
				GCC_NO_COMMON_BLOCKS = YES;
				GCC_TREAT_INCOMPATIBLE_POINTER_TYPE_WARNINGS_AS_ERRORS = YES;
				GCC_WARN_64_TO_32_BIT_CONVERSION = YES;
				GCC_WARN_ABOUT_RETURN_TYPE = YES_ERROR;
				GCC_WARN_UNDECLARED_SELECTOR = YES;
				GCC_WARN_UNINITIALIZED_AUTOS = YES_AGGRESSIVE;
				GCC_WARN_UNUSED_FUNCTION = YES;
				GCC_WARN_UNUSED_VARIABLE = YES;
				IPHONEOS_DEPLOYMENT_TARGET = 9.1;
				MTL_ENABLE_DEBUG_INFO = NO;
				SDKROOT = iphoneos;
				TARGETED_DEVICE_FAMILY = "1,2";
				VALIDATE_PRODUCT = YES;
			};
			name = Release;
		};
		E334F2451C72C4D500C79F31 /* Debug */ = {
			isa = XCBuildConfiguration;
			baseConfigurationReference = 02F50D7FC0C73AA06087EEBC /* Pods-all.debug.xcconfig */;
			buildSettings = {
				ASSETCATALOG_COMPILER_APPICON_NAME = AppIcon;
				CODE_SIGN_IDENTITY = "iPhone Developer";
				GCC_PRECOMPILE_PREFIX_HEADER = YES;
				GCC_PREFIX_HEADER = /Users/wuzhiji/All/all/all/SVFile/AllPrefixHeader.pch;
				INFOPLIST_FILE = all/Info.plist;
				LD_RUNPATH_SEARCH_PATHS = "$(inherited) @executable_path/Frameworks";
				PRODUCT_BUNDLE_IDENTIFIER = com.37.all;
				PRODUCT_NAME = "$(TARGET_NAME)";
			};
			name = Debug;
		};
		E334F2461C72C4D500C79F31 /* Release */ = {
			isa = XCBuildConfiguration;
			baseConfigurationReference = D00A1046ECBA429013AC050A /* Pods-all.release.xcconfig */;
			buildSettings = {
				ASSETCATALOG_COMPILER_APPICON_NAME = AppIcon;
				CODE_SIGN_IDENTITY = "iPhone Developer";
				GCC_PRECOMPILE_PREFIX_HEADER = YES;
				GCC_PREFIX_HEADER = /Users/wuzhiji/All/all/all/SVFile/AllPrefixHeader.pch;
				INFOPLIST_FILE = all/Info.plist;
				LD_RUNPATH_SEARCH_PATHS = "$(inherited) @executable_path/Frameworks";
				PRODUCT_BUNDLE_IDENTIFIER = com.37.all;
				PRODUCT_NAME = "$(TARGET_NAME)";
			};
			name = Release;
		};
		E334F2481C72C4D500C79F31 /* Debug */ = {
			isa = XCBuildConfiguration;
			buildSettings = {
				BUNDLE_LOADER = "$(TEST_HOST)";
				INFOPLIST_FILE = allTests/Info.plist;
				LD_RUNPATH_SEARCH_PATHS = "$(inherited) @executable_path/Frameworks @loader_path/Frameworks";
				PRODUCT_BUNDLE_IDENTIFIER = com.37.allTests;
				PRODUCT_NAME = "$(TARGET_NAME)";
				TEST_HOST = "$(BUILT_PRODUCTS_DIR)/all.app/all";
			};
			name = Debug;
		};
		E334F2491C72C4D500C79F31 /* Release */ = {
			isa = XCBuildConfiguration;
			buildSettings = {
				BUNDLE_LOADER = "$(TEST_HOST)";
				INFOPLIST_FILE = allTests/Info.plist;
				LD_RUNPATH_SEARCH_PATHS = "$(inherited) @executable_path/Frameworks @loader_path/Frameworks";
				PRODUCT_BUNDLE_IDENTIFIER = com.37.allTests;
				PRODUCT_NAME = "$(TARGET_NAME)";
				TEST_HOST = "$(BUILT_PRODUCTS_DIR)/all.app/all";
			};
			name = Release;
		};
		E334F24B1C72C4D500C79F31 /* Debug */ = {
			isa = XCBuildConfiguration;
			buildSettings = {
				INFOPLIST_FILE = allUITests/Info.plist;
				LD_RUNPATH_SEARCH_PATHS = "$(inherited) @executable_path/Frameworks @loader_path/Frameworks";
				PRODUCT_BUNDLE_IDENTIFIER = com.37.allUITests;
				PRODUCT_NAME = "$(TARGET_NAME)";
				TEST_TARGET_NAME = all;
				USES_XCTRUNNER = YES;
			};
			name = Debug;
		};
		E334F24C1C72C4D500C79F31 /* Release */ = {
			isa = XCBuildConfiguration;
			buildSettings = {
				INFOPLIST_FILE = allUITests/Info.plist;
				LD_RUNPATH_SEARCH_PATHS = "$(inherited) @executable_path/Frameworks @loader_path/Frameworks";
				PRODUCT_BUNDLE_IDENTIFIER = com.37.allUITests;
				PRODUCT_NAME = "$(TARGET_NAME)";
				TEST_TARGET_NAME = all;
				USES_XCTRUNNER = YES;
			};
			name = Release;
		};
/* End XCBuildConfiguration section */

/* Begin XCConfigurationList section */
		E334F20F1C72C4D400C79F31 /* Build configuration list for PBXProject "all" */ = {
			isa = XCConfigurationList;
			buildConfigurations = (
				E334F2421C72C4D500C79F31 /* Debug */,
				E334F2431C72C4D500C79F31 /* Release */,
			);
			defaultConfigurationIsVisible = 0;
			defaultConfigurationName = Release;
		};
		E334F2441C72C4D500C79F31 /* Build configuration list for PBXNativeTarget "all" */ = {
			isa = XCConfigurationList;
			buildConfigurations = (
				E334F2451C72C4D500C79F31 /* Debug */,
				E334F2461C72C4D500C79F31 /* Release */,
			);
			defaultConfigurationIsVisible = 0;
			defaultConfigurationName = Release;
		};
		E334F2471C72C4D500C79F31 /* Build configuration list for PBXNativeTarget "allTests" */ = {
			isa = XCConfigurationList;
			buildConfigurations = (
				E334F2481C72C4D500C79F31 /* Debug */,
				E334F2491C72C4D500C79F31 /* Release */,
			);
			defaultConfigurationIsVisible = 0;
			defaultConfigurationName = Release;
		};
		E334F24A1C72C4D500C79F31 /* Build configuration list for PBXNativeTarget "allUITests" */ = {
			isa = XCConfigurationList;
			buildConfigurations = (
				E334F24B1C72C4D500C79F31 /* Debug */,
				E334F24C1C72C4D500C79F31 /* Release */,
			);
			defaultConfigurationIsVisible = 0;
			defaultConfigurationName = Release;
		};
/* End XCConfigurationList section */

/* Begin XCVersionGroup section */
		E334F2231C72C4D400C79F31 /* all.xcdatamodeld */ = {
			isa = XCVersionGroup;
			children = (
				E334F2241C72C4D400C79F31 /* all.xcdatamodel */,
			);
			currentVersion = E334F2241C72C4D400C79F31 /* all.xcdatamodel */;
			path = all.xcdatamodeld;
			sourceTree = "<group>";
			versionGroupType = wrapper.xcdatamodel;
		};
/* End XCVersionGroup section */
	};
	rootObject = E334F20C1C72C4D400C79F31 /* Project object */;
}
